// !$*UTF8*$!
{
	archiveVersion = 1;
	classes = {
	};
	objectVersion = 50;
	objects = {

/* Begin PBXBuildFile section */
		280D071D2506F35F00314158 /* Grid.swift in Sources */ = {isa = PBXBuildFile; fileRef = 280D071C2506F35F00314158 /* Grid.swift */; };
		280D071F2506F8B400314158 /* GridLayout.swift in Sources */ = {isa = PBXBuildFile; fileRef = 280D071E2506F8B400314158 /* GridLayout.swift */; };
		280D07212506FBFE00314158 /* Array+Identifiable.swift in Sources */ = {isa = PBXBuildFile; fileRef = 280D07202506FBFE00314158 /* Array+Identifiable.swift */; };
		280D0723250707FB00314158 /* Array+Only.swift in Sources */ = {isa = PBXBuildFile; fileRef = 280D0722250707FB00314158 /* Array+Only.swift */; };
		280D072525084F6000314158 /* Theme.swift in Sources */ = {isa = PBXBuildFile; fileRef = 280D072425084F6000314158 /* Theme.swift */; };
		283AF24F25099D2B00B6A980 /* Pie.swift in Sources */ = {isa = PBXBuildFile; fileRef = 283AF24E25099D2B00B6A980 /* Pie.swift */; };
		283AF2512509AA1B00B6A980 /* Cardify.swift in Sources */ = {isa = PBXBuildFile; fileRef = 283AF2502509AA1B00B6A980 /* Cardify.swift */; };
		28AECC64250698C10018D843 /* AppDelegate.swift in Sources */ = {isa = PBXBuildFile; fileRef = 28AECC63250698C10018D843 /* AppDelegate.swift */; };
		28AECC66250698C10018D843 /* SceneDelegate.swift in Sources */ = {isa = PBXBuildFile; fileRef = 28AECC65250698C10018D843 /* SceneDelegate.swift */; };
		28AECC68250698C10018D843 /* EmojiMemoryGameView.swift in Sources */ = {isa = PBXBuildFile; fileRef = 28AECC67250698C10018D843 /* EmojiMemoryGameView.swift */; };
		28AECC6A250698C30018D843 /* Assets.xcassets in Resources */ = {isa = PBXBuildFile; fileRef = 28AECC69250698C30018D843 /* Assets.xcassets */; };
		28AECC6D250698C30018D843 /* Preview Assets.xcassets in Resources */ = {isa = PBXBuildFile; fileRef = 28AECC6C250698C30018D843 /* Preview Assets.xcassets */; };
		28AECC70250698C30018D843 /* LaunchScreen.storyboard in Resources */ = {isa = PBXBuildFile; fileRef = 28AECC6E250698C30018D843 /* LaunchScreen.storyboard */; };
		28AECC782506ADBD0018D843 /* MemoryGame.swift in Sources */ = {isa = PBXBuildFile; fileRef = 28AECC772506ADBD0018D843 /* MemoryGame.swift */; };
		28AECC7A2506AFAF0018D843 /* EmojiMemoryGame.swift in Sources */ = {isa = PBXBuildFile; fileRef = 28AECC792506AFAF0018D843 /* EmojiMemoryGame.swift */; };
/* End PBXBuildFile section */

/* Begin PBXFileReference section */
		280D071C2506F35F00314158 /* Grid.swift */ = {isa = PBXFileReference; lastKnownFileType = sourcecode.swift; path = Grid.swift; sourceTree = "<group>"; };
		280D071E2506F8B400314158 /* GridLayout.swift */ = {isa = PBXFileReference; fileEncoding = 4; lastKnownFileType = sourcecode.swift; path = GridLayout.swift; sourceTree = "<group>"; };
		280D07202506FBFE00314158 /* Array+Identifiable.swift */ = {isa = PBXFileReference; lastKnownFileType = sourcecode.swift; path = "Array+Identifiable.swift"; sourceTree = "<group>"; };
		280D0722250707FB00314158 /* Array+Only.swift */ = {isa = PBXFileReference; lastKnownFileType = sourcecode.swift; path = "Array+Only.swift"; sourceTree = "<group>"; };
		280D072425084F6000314158 /* Theme.swift */ = {isa = PBXFileReference; lastKnownFileType = sourcecode.swift; path = Theme.swift; sourceTree = "<group>"; };
		283AF24E25099D2B00B6A980 /* Pie.swift */ = {isa = PBXFileReference; lastKnownFileType = sourcecode.swift; path = Pie.swift; sourceTree = "<group>"; };
		283AF2502509AA1B00B6A980 /* Cardify.swift */ = {isa = PBXFileReference; lastKnownFileType = sourcecode.swift; path = Cardify.swift; sourceTree = "<group>"; };
		28AECC60250698C10018D843 /* Memorize.app */ = {isa = PBXFileReference; explicitFileType = wrapper.application; includeInIndex = 0; path = Memorize.app; sourceTree = BUILT_PRODUCTS_DIR; };
		28AECC63250698C10018D843 /* AppDelegate.swift */ = {isa = PBXFileReference; lastKnownFileType = sourcecode.swift; path = AppDelegate.swift; sourceTree = "<group>"; };
		28AECC65250698C10018D843 /* SceneDelegate.swift */ = {isa = PBXFileReference; lastKnownFileType = sourcecode.swift; path = SceneDelegate.swift; sourceTree = "<group>"; };
		28AECC67250698C10018D843 /* EmojiMemoryGameView.swift */ = {isa = PBXFileReference; lastKnownFileType = sourcecode.swift; path = EmojiMemoryGameView.swift; sourceTree = "<group>"; };
		28AECC69250698C30018D843 /* Assets.xcassets */ = {isa = PBXFileReference; lastKnownFileType = folder.assetcatalog; path = Assets.xcassets; sourceTree = "<group>"; };
		28AECC6C250698C30018D843 /* Preview Assets.xcassets */ = {isa = PBXFileReference; lastKnownFileType = folder.assetcatalog; path = "Preview Assets.xcassets"; sourceTree = "<group>"; };
		28AECC6F250698C30018D843 /* Base */ = {isa = PBXFileReference; lastKnownFileType = file.storyboard; name = Base; path = Base.lproj/LaunchScreen.storyboard; sourceTree = "<group>"; };
		28AECC71250698C30018D843 /* Info.plist */ = {isa = PBXFileReference; lastKnownFileType = text.plist.xml; path = Info.plist; sourceTree = "<group>"; };
		28AECC772506ADBD0018D843 /* MemoryGame.swift */ = {isa = PBXFileReference; lastKnownFileType = sourcecode.swift; path = MemoryGame.swift; sourceTree = "<group>"; };
		28AECC792506AFAF0018D843 /* EmojiMemoryGame.swift */ = {isa = PBXFileReference; lastKnownFileType = sourcecode.swift; path = EmojiMemoryGame.swift; sourceTree = "<group>"; };
/* End PBXFileReference section */

/* Begin PBXFrameworksBuildPhase section */
		28AECC5D250698C10018D843 /* Frameworks */ = {
			isa = PBXFrameworksBuildPhase;
			buildActionMask = 2147483647;
			files = (
			);
			runOnlyForDeploymentPostprocessing = 0;
		};
/* End PBXFrameworksBuildPhase section */

/* Begin PBXGroup section */
		28AECC57250698C10018D843 = {
			isa = PBXGroup;
			children = (
				28AECC62250698C10018D843 /* Memorize */,
				28AECC61250698C10018D843 /* Products */,
			);
			sourceTree = "<group>";
		};
		28AECC61250698C10018D843 /* Products */ = {
			isa = PBXGroup;
			children = (
				28AECC60250698C10018D843 /* Memorize.app */,
			);
			name = Products;
			sourceTree = "<group>";
		};
		28AECC62250698C10018D843 /* Memorize */ = {
			isa = PBXGroup;
			children = (
				28AECC63250698C10018D843 /* AppDelegate.swift */,
				28AECC65250698C10018D843 /* SceneDelegate.swift */,
				28AECC67250698C10018D843 /* EmojiMemoryGameView.swift */,
				283AF2502509AA1B00B6A980 /* Cardify.swift */,
				283AF24E25099D2B00B6A980 /* Pie.swift */,
				280D071C2506F35F00314158 /* Grid.swift */,
				280D07202506FBFE00314158 /* Array+Identifiable.swift */,
				280D071E2506F8B400314158 /* GridLayout.swift */,
				280D0722250707FB00314158 /* Array+Only.swift */,
				28AECC792506AFAF0018D843 /* EmojiMemoryGame.swift */,
				280D072425084F6000314158 /* Theme.swift */,
				28AECC772506ADBD0018D843 /* MemoryGame.swift */,
				28AECC69250698C30018D843 /* Assets.xcassets */,
				28AECC6E250698C30018D843 /* LaunchScreen.storyboard */,
				28AECC71250698C30018D843 /* Info.plist */,
				28AECC6B250698C30018D843 /* Preview Content */,
			);
			path = Memorize;
			sourceTree = "<group>";
		};
		28AECC6B250698C30018D843 /* Preview Content */ = {
			isa = PBXGroup;
			children = (
				28AECC6C250698C30018D843 /* Preview Assets.xcassets */,
			);
			path = "Preview Content";
			sourceTree = "<group>";
		};
/* End PBXGroup section */

/* Begin PBXNativeTarget section */
		28AECC5F250698C10018D843 /* Memorize */ = {
			isa = PBXNativeTarget;
			buildConfigurationList = 28AECC74250698C30018D843 /* Build configuration list for PBXNativeTarget "Memorize" */;
			buildPhases = (
				28AECC5C250698C10018D843 /* Sources */,
				28AECC5D250698C10018D843 /* Frameworks */,
				28AECC5E250698C10018D843 /* Resources */,
			);
			buildRules = (
			);
			dependencies = (
			);
			name = Memorize;
			productName = Memorize;
			productReference = 28AECC60250698C10018D843 /* Memorize.app */;
			productType = "com.apple.product-type.application";
		};
/* End PBXNativeTarget section */

/* Begin PBXProject section */
		28AECC58250698C10018D843 /* Project object */ = {
			isa = PBXProject;
			attributes = {
				LastSwiftUpdateCheck = 1160;
				LastUpgradeCheck = 1160;
				ORGANIZATIONNAME = "Fulton Garcia";
				TargetAttributes = {
					28AECC5F250698C10018D843 = {
						CreatedOnToolsVersion = 11.6;
					};
				};
			};
			buildConfigurationList = 28AECC5B250698C10018D843 /* Build configuration list for PBXProject "Memorize" */;
			compatibilityVersion = "Xcode 9.3";
			developmentRegion = en;
			hasScannedForEncodings = 0;
			knownRegions = (
				en,
				Base,
			);
			mainGroup = 28AECC57250698C10018D843;
			productRefGroup = 28AECC61250698C10018D843 /* Products */;
			projectDirPath = "";
			projectRoot = "";
			targets = (
				28AECC5F250698C10018D843 /* Memorize */,
			);
		};
/* End PBXProject section */

/* Begin PBXResourcesBuildPhase section */
		28AECC5E250698C10018D843 /* Resources */ = {
			isa = PBXResourcesBuildPhase;
			buildActionMask = 2147483647;
			files = (
				28AECC70250698C30018D843 /* LaunchScreen.storyboard in Resources */,
				28AECC6D250698C30018D843 /* Preview Assets.xcassets in Resources */,
				28AECC6A250698C30018D843 /* Assets.xcassets in Resources */,
			);
			runOnlyForDeploymentPostprocessing = 0;
		};
/* End PBXResourcesBuildPhase section */

/* Begin PBXSourcesBuildPhase section */
		28AECC5C250698C10018D843 /* Sources */ = {
			isa = PBXSourcesBuildPhase;
			buildActionMask = 2147483647;
			files = (
				28AECC64250698C10018D843 /* AppDelegate.swift in Sources */,
				28AECC66250698C10018D843 /* SceneDelegate.swift in Sources */,
				28AECC782506ADBD0018D843 /* MemoryGame.swift in Sources */,
				280D0723250707FB00314158 /* Array+Only.swift in Sources */,
				28AECC68250698C10018D843 /* EmojiMemoryGameView.swift in Sources */,
				28AECC7A2506AFAF0018D843 /* EmojiMemoryGame.swift in Sources */,
				283AF2512509AA1B00B6A980 /* Cardify.swift in Sources */,
				280D07212506FBFE00314158 /* Array+Identifiable.swift in Sources */,
				280D072525084F6000314158 /* Theme.swift in Sources */,
				283AF24F25099D2B00B6A980 /* Pie.swift in Sources */,
				280D071F2506F8B400314158 /* GridLayout.swift in Sources */,
				280D071D2506F35F00314158 /* Grid.swift in Sources */,
			);
			runOnlyForDeploymentPostprocessing = 0;
		};
/* End PBXSourcesBuildPhase section */

/* Begin PBXVariantGroup section */
		28AECC6E250698C30018D843 /* LaunchScreen.storyboard */ = {
			isa = PBXVariantGroup;
			children = (
				28AECC6F250698C30018D843 /* Base */,
			);
			name = LaunchScreen.storyboard;
			sourceTree = "<group>";
		};
/* End PBXVariantGroup section */

/* Begin XCBuildConfiguration section */
		28AECC72250698C30018D843 /* Debug */ = {
			isa = XCBuildConfiguration;
			buildSettings = {
				ALWAYS_SEARCH_USER_PATHS = NO;
				CLANG_ANALYZER_NONNULL = YES;
				CLANG_ANALYZER_NUMBER_OBJECT_CONVERSION = YES_AGGRESSIVE;
				CLANG_CXX_LANGUAGE_STANDARD = "gnu++14";
				CLANG_CXX_LIBRARY = "libc++";
				CLANG_ENABLE_MODULES = YES;
				CLANG_ENABLE_OBJC_ARC = YES;
				CLANG_ENABLE_OBJC_WEAK = YES;
				CLANG_WARN_BLOCK_CAPTURE_AUTORELEASING = YES;
				CLANG_WARN_BOOL_CONVERSION = YES;
				CLANG_WARN_COMMA = YES;
				CLANG_WARN_CONSTANT_CONVERSION = YES;
				CLANG_WARN_DEPRECATED_OBJC_IMPLEMENTATIONS = YES;
				CLANG_WARN_DIRECT_OBJC_ISA_USAGE = YES_ERROR;
				CLANG_WARN_DOCUMENTATION_COMMENTS = YES;
				CLANG_WARN_EMPTY_BODY = YES;
				CLANG_WARN_ENUM_CONVERSION = YES;
				CLANG_WARN_INFINITE_RECURSION = YES;
				CLANG_WARN_INT_CONVERSION = YES;
				CLANG_WARN_NON_LITERAL_NULL_CONVERSION = YES;
				CLANG_WARN_OBJC_IMPLICIT_RETAIN_SELF = YES;
				CLANG_WARN_OBJC_LITERAL_CONVERSION = YES;
				CLANG_WARN_OBJC_ROOT_CLASS = YES_ERROR;
				CLANG_WARN_RANGE_LOOP_ANALYSIS = YES;
				CLANG_WARN_STRICT_PROTOTYPES = YES;
				CLANG_WARN_SUSPICIOUS_MOVE = YES;
				CLANG_WARN_UNGUARDED_AVAILABILITY = YES_AGGRESSIVE;
				CLANG_WARN_UNREACHABLE_CODE = YES;
				CLANG_WARN__DUPLICATE_METHOD_MATCH = YES;
				COPY_PHASE_STRIP = NO;
				DEBUG_INFORMATION_FORMAT = dwarf;
				ENABLE_STRICT_OBJC_MSGSEND = YES;
				ENABLE_TESTABILITY = YES;
				GCC_C_LANGUAGE_STANDARD = gnu11;
				GCC_DYNAMIC_NO_PIC = NO;
				GCC_NO_COMMON_BLOCKS = YES;
				GCC_OPTIMIZATION_LEVEL = 0;
				GCC_PREPROCESSOR_DEFINITIONS = (
					"DEBUG=1",
					"$(inherited)",
				);
				GCC_WARN_64_TO_32_BIT_CONVERSION = YES;
				GCC_WARN_ABOUT_RETURN_TYPE = YES_ERROR;
				GCC_WARN_UNDECLARED_SELECTOR = YES;
				GCC_WARN_UNINITIALIZED_AUTOS = YES_AGGRESSIVE;
				GCC_WARN_UNUSED_FUNCTION = YES;
				GCC_WARN_UNUSED_VARIABLE = YES;
				IPHONEOS_DEPLOYMENT_TARGET = 13.6;
				MTL_ENABLE_DEBUG_INFO = INCLUDE_SOURCE;
				MTL_FAST_MATH = YES;
				ONLY_ACTIVE_ARCH = YES;
				SDKROOT = iphoneos;
				SWIFT_ACTIVE_COMPILATION_CONDITIONS = DEBUG;
				SWIFT_OPTIMIZATION_LEVEL = "-Onone";
			};
			name = Debug;
		};
		28AECC73250698C30018D843 /* Release */ = {
			isa = XCBuildConfiguration;
			buildSettings = {
				ALWAYS_SEARCH_USER_PATHS = NO;
				CLANG_ANALYZER_NONNULL = YES;
				CLANG_ANALYZER_NUMBER_OBJECT_CONVERSION = YES_AGGRESSIVE;
				CLANG_CXX_LANGUAGE_STANDARD = "gnu++14";
				CLANG_CXX_LIBRARY = "libc++";
				CLANG_ENABLE_MODULES = YES;
				CLANG_ENABLE_OBJC_ARC = YES;
				CLANG_ENABLE_OBJC_WEAK = YES;
				CLANG_WARN_BLOCK_CAPTURE_AUTORELEASING = YES;
				CLANG_WARN_BOOL_CONVERSION = YES;
				CLANG_WARN_COMMA = YES;
				CLANG_WARN_CONSTANT_CONVERSION = YES;
				CLANG_WARN_DEPRECATED_OBJC_IMPLEMENTATIONS = YES;
				CLANG_WARN_DIRECT_OBJC_ISA_USAGE = YES_ERROR;
				CLANG_WARN_DOCUMENTATION_COMMENTS = YES;
				CLANG_WARN_EMPTY_BODY = YES;
				CLANG_WARN_ENUM_CONVERSION = YES;
				CLANG_WARN_INFINITE_RECURSION = YES;
				CLANG_WARN_INT_CONVERSION = YES;
				CLANG_WARN_NON_LITERAL_NULL_CONVERSION = YES;
				CLANG_WARN_OBJC_IMPLICIT_RETAIN_SELF = YES;
				CLANG_WARN_OBJC_LITERAL_CONVERSION = YES;
				CLANG_WARN_OBJC_ROOT_CLASS = YES_ERROR;
				CLANG_WARN_RANGE_LOOP_ANALYSIS = YES;
				CLANG_WARN_STRICT_PROTOTYPES = YES;
				CLANG_WARN_SUSPICIOUS_MOVE = YES;
				CLANG_WARN_UNGUARDED_AVAILABILITY = YES_AGGRESSIVE;
				CLANG_WARN_UNREACHABLE_CODE = YES;
				CLANG_WARN__DUPLICATE_METHOD_MATCH = YES;
				COPY_PHASE_STRIP = NO;
				DEBUG_INFORMATION_FORMAT = "dwarf-with-dsym";
				ENABLE_NS_ASSERTIONS = NO;
				ENABLE_STRICT_OBJC_MSGSEND = YES;
				GCC_C_LANGUAGE_STANDARD = gnu11;
				GCC_NO_COMMON_BLOCKS = YES;
				GCC_WARN_64_TO_32_BIT_CONVERSION = YES;
				GCC_WARN_ABOUT_RETURN_TYPE = YES_ERROR;
				GCC_WARN_UNDECLARED_SELECTOR = YES;
				GCC_WARN_UNINITIALIZED_AUTOS = YES_AGGRESSIVE;
				GCC_WARN_UNUSED_FUNCTION = YES;
				GCC_WARN_UNUSED_VARIABLE = YES;
				IPHONEOS_DEPLOYMENT_TARGET = 13.6;
				MTL_ENABLE_DEBUG_INFO = NO;
				MTL_FAST_MATH = YES;
				SDKROOT = iphoneos;
				SWIFT_COMPILATION_MODE = wholemodule;
				SWIFT_OPTIMIZATION_LEVEL = "-O";
				VALIDATE_PRODUCT = YES;
			};
			name = Release;
		};
		28AECC75250698C30018D843 /* Debug */ = {
			isa = XCBuildConfiguration;
			buildSettings = {
				ASSETCATALOG_COMPILER_APPICON_NAME = AppIcon;
				CODE_SIGN_STYLE = Automatic;
				DEVELOPMENT_ASSET_PATHS = "\"Memorize/Preview Content\"";
				DEVELOPMENT_TEAM = 8NTJLBM675;
				ENABLE_PREVIEWS = YES;
				INFOPLIST_FILE = Memorize/Info.plist;
				LD_RUNPATH_SEARCH_PATHS = (
					"$(inherited)",
					"@executable_path/Frameworks",
				);
				PRODUCT_BUNDLE_IDENTIFIER = com.fultongarcia.Memorize;
				PRODUCT_NAME = "$(TARGET_NAME)";
				SWIFT_VERSION = 5.0;
				TARGETED_DEVICE_FAMILY = "1,2";
			};
			name = Debug;
		};
		28AECC76250698C30018D843 /* Release */ = {
			isa = XCBuildConfiguration;
			buildSettings = {
				ASSETCATALOG_COMPILER_APPICON_NAME = AppIcon;
				CODE_SIGN_STYLE = Automatic;
				DEVELOPMENT_ASSET_PATHS = "\"Memorize/Preview Content\"";
				DEVELOPMENT_TEAM = 8NTJLBM675;
				ENABLE_PREVIEWS = YES;
				INFOPLIST_FILE = Memorize/Info.plist;
				LD_RUNPATH_SEARCH_PATHS = (
					"$(inherited)",
					"@executable_path/Frameworks",
				);
				PRODUCT_BUNDLE_IDENTIFIER = com.fultongarcia.Memorize;
				PRODUCT_NAME = "$(TARGET_NAME)";
				SWIFT_VERSION = 5.0;
				TARGETED_DEVICE_FAMILY = "1,2";
			};
			name = Release;
		};
/* End XCBuildConfiguration section */

/* Begin XCConfigurationList section */
		28AECC5B250698C10018D843 /* Build configuration list for PBXProject "Memorize" */ = {
			isa = XCConfigurationList;
			buildConfigurations = (
				28AECC72250698C30018D843 /* Debug */,
				28AECC73250698C30018D843 /* Release */,
			);
			defaultConfigurationIsVisible = 0;
			defaultConfigurationName = Release;
		};
		28AECC74250698C30018D843 /* Build configuration list for PBXNativeTarget "Memorize" */ = {
			isa = XCConfigurationList;
			buildConfigurations = (
				28AECC75250698C30018D843 /* Debug */,
				28AECC76250698C30018D843 /* Release */,
			);
			defaultConfigurationIsVisible = 0;
			defaultConfigurationName = Release;
		};
/* End XCConfigurationList section */
	};
	rootObject = 28AECC58250698C10018D843 /* Project object */;
}
